
Microsoft Visual Studio Solution File, Format Version 12.00
# Visual Studio Version 16
VisualStudioVersion = 16.0.31105.61
MinimumVisualStudioVersion = 10.0.40219.1
Project("{FAE04EC0-301F-11D3-BF4B-00C04F79EFBC}") = "FiveTask", "ConsoleApp1\FiveTask.csproj", "{6CB007F4-BA93-4AEB-A198-B2E5EA79B710}"
EndProject
Project("{FAE04EC0-301F-11D3-BF4B-00C04F79EFBC}") = "FirstTask", "FirstTask\FirstTask.csproj", "{33F10850-46D4-4EC2-BB03-E84B2C88EF64}"
EndProject
Project("{FAE04EC0-301F-11D3-BF4B-00C04F79EFBC}") = "SecondTask", "SecondTask\SecondTask.csproj", "{75D7D01E-9A84-410A-9E7B-43E24506001B}"
EndProject
Project("{FAE04EC0-301F-11D3-BF4B-00C04F79EFBC}") = "FourTask", "FourTask\FourTask.csproj", "{FEFB6374-AA63-4EE5-9F8F-1392B082285C}"
EndProject
Project("{FAE04EC0-301F-11D3-BF4B-00C04F79EFBC}") = "ThirdTask", "ThirdTask\ThirdTask.csproj", "{8EE1E01C-18D5-4DF4-A98C-F4E86E768271}"
EndProject
Global
	GlobalSection(SolutionConfigurationPlatforms) = preSolution
		Debug|Any CPU = Debug|Any CPU
		Release|Any CPU = Release|Any CPU
	EndGlobalSection
	GlobalSection(ProjectConfigurationPlatforms) = postSolution
		{6CB007F4-BA93-4AEB-A198-B2E5EA79B710}.Debug|Any CPU.ActiveCfg = Debug|Any CPU
		{6CB007F4-BA93-4AEB-A198-B2E5EA79B710}.Debug|Any CPU.Build.0 = Debug|Any CPU
		{6CB007F4-BA93-4AEB-A198-B2E5EA79B710}.Release|Any CPU.ActiveCfg = Release|Any CPU
		{6CB007F4-BA93-4AEB-A198-B2E5EA79B710}.Release|Any CPU.Build.0 = Release|Any CPU
		{33F10850-46D4-4EC2-BB03-E84B2C88EF64}.Debug|Any CPU.ActiveCfg = Debug|Any CPU
		{33F10850-46D4-4EC2-BB03-E84B2C88EF64}.Debug|Any CPU.Build.0 = Debug|Any CPU
		{33F10850-46D4-4EC2-BB03-E84B2C88EF64}.Release|Any CPU.ActiveCfg = Release|Any CPU
		{33F10850-46D4-4EC2-BB03-E84B2C88EF64}.Release|Any CPU.Build.0 = Release|Any CPU
		{75D7D01E-9A84-410A-9E7B-43E24506001B}.Debug|Any CPU.ActiveCfg = Debug|Any CPU
		{75D7D01E-9A84-410A-9E7B-43E24506001B}.Debug|Any CPU.Build.0 = Debug|Any CPU
		{75D7D01E-9A84-410A-9E7B-43E24506001B}.Release|Any CPU.ActiveCfg = Release|Any CPU
		{75D7D01E-9A84-410A-9E7B-43E24506001B}.Release|Any CPU.Build.0 = Release|Any CPU
		{FEFB6374-AA63-4EE5-9F8F-1392B082285C}.Debug|Any CPU.ActiveCfg = Debug|Any CPU
		{FEFB6374-AA63-4EE5-9F8F-1392B082285C}.Debug|Any CPU.Build.0 = Debug|Any CPU
		{FEFB6374-AA63-4EE5-9F8F-1392B082285C}.Release|Any CPU.ActiveCfg = Release|Any CPU
		{FEFB6374-AA63-4EE5-9F8F-1392B082285C}.Release|Any CPU.Build.0 = Release|Any CPU
		{8EE1E01C-18D5-4DF4-A98C-F4E86E768271}.Debug|Any CPU.ActiveCfg = Debug|Any CPU
		{8EE1E01C-18D5-4DF4-A98C-F4E86E768271}.Debug|Any CPU.Build.0 = Debug|Any CPU
		{8EE1E01C-18D5-4DF4-A98C-F4E86E768271}.Release|Any CPU.ActiveCfg = Release|Any CPU
		{8EE1E01C-18D5-4DF4-A98C-F4E86E768271}.Release|Any CPU.Build.0 = Release|Any CPU
	EndGlobalSection
	GlobalSection(SolutionProperties) = preSolution
		HideSolutionNode = FALSE
	EndGlobalSection
	GlobalSection(ExtensibilityGlobals) = postSolution
		SolutionGuid = {FF715646-881C-4469-85DD-0D8E06104D8E}
	EndGlobalSection
EndGlobal
